
Microsoft Visual Studio Solution File, Format Version 12.00
# Visual Studio Version 17
VisualStudioVersion = 17.7.34221.43
MinimumVisualStudioVersion = 10.0.40219.1
Project("{FAE04EC0-301F-11D3-BF4B-00C04F79EFBC}") = "InfrastructureAsCodeV1.Web", "InfrastructureAsCodeV1.Web\InfrastructureAsCodeV1.Web.csproj", "{7C61F718-A5F1-4624-9690-757FE45A646B}"
EndProject
Global
	GlobalSection(SolutionConfigurationPlatforms) = preSolution
		Debug|Any CPU = Debug|Any CPU
		Release|Any CPU = Release|Any CPU
	EndGlobalSection
	GlobalSection(ProjectConfigurationPlatforms) = postSolution
		{7C61F718-A5F1-4624-9690-757FE45A646B}.Debug|Any CPU.ActiveCfg = Debug|Any CPU
		{7C61F718-A5F1-4624-9690-757FE45A646B}.Debug|Any CPU.Build.0 = Debug|Any CPU
		{7C61F718-A5F1-4624-9690-757FE45A646B}.Release|Any CPU.ActiveCfg = Release|Any CPU
		{7C61F718-A5F1-4624-9690-757FE45A646B}.Release|Any CPU.Build.0 = Release|Any CPU
	EndGlobalSection
	GlobalSection(SolutionProperties) = preSolution
		HideSolutionNode = FALSE
	EndGlobalSection
	GlobalSection(ExtensibilityGlobals) = postSolution
		SolutionGuid = {B4803787-F92A-4705-AFCF-01C5A04B4171}
	EndGlobalSection
EndGlobal
